// !$*UTF8*$!
{
	archiveVersion = 1;
	classes = {
	};
	objectVersion = 56;
	objects = {

/* Begin PBXBuildFile section */
		B7CAA12B2B5F93BD002688EC /* AppDelegate.swift in Sources */ = {isa = PBXBuildFile; fileRef = B7CAA12A2B5F93BD002688EC /* AppDelegate.swift */; };
		B7CAA12D2B5F93BD002688EC /* SceneDelegate.swift in Sources */ = {isa = PBXBuildFile; fileRef = B7CAA12C2B5F93BD002688EC /* SceneDelegate.swift */; };
		B7CAA12F2B5F93BD002688EC /* ViewController.swift in Sources */ = {isa = PBXBuildFile; fileRef = B7CAA12E2B5F93BD002688EC /* ViewController.swift */; };
		B7CAA1322B5F93BD002688EC /* Main.storyboard in Resources */ = {isa = PBXBuildFile; fileRef = B7CAA1302B5F93BD002688EC /* Main.storyboard */; };
		B7CAA1342B5F93BE002688EC /* Assets.xcassets in Resources */ = {isa = PBXBuildFile; fileRef = B7CAA1332B5F93BE002688EC /* Assets.xcassets */; };
		B7CAA1372B5F93BE002688EC /* LaunchScreen.storyboard in Resources */ = {isa = PBXBuildFile; fileRef = B7CAA1352B5F93BE002688EC /* LaunchScreen.storyboard */; };
		B7CAA1422B5F93BF002688EC /* navigation_introTests.swift in Sources */ = {isa = PBXBuildFile; fileRef = B7CAA1412B5F93BF002688EC /* navigation_introTests.swift */; };
		B7CAA14C2B5F93BF002688EC /* navigation_introUITests.swift in Sources */ = {isa = PBXBuildFile; fileRef = B7CAA14B2B5F93BF002688EC /* navigation_introUITests.swift */; };
		B7CAA14E2B5F93BF002688EC /* navigation_introUITestsLaunchTests.swift in Sources */ = {isa = PBXBuildFile; fileRef = B7CAA14D2B5F93BF002688EC /* navigation_introUITestsLaunchTests.swift */; };
/* End PBXBuildFile section */

/* Begin PBXContainerItemProxy section */
		B7CAA13E2B5F93BF002688EC /* PBXContainerItemProxy */ = {
			isa = PBXContainerItemProxy;
			containerPortal = B7CAA11F2B5F93BD002688EC /* Project object */;
			proxyType = 1;
			remoteGlobalIDString = B7CAA1262B5F93BD002688EC;
			remoteInfo = navigation_intro;
		};
		B7CAA1482B5F93BF002688EC /* PBXContainerItemProxy */ = {
			isa = PBXContainerItemProxy;
			containerPortal = B7CAA11F2B5F93BD002688EC /* Project object */;
			proxyType = 1;
			remoteGlobalIDString = B7CAA1262B5F93BD002688EC;
			remoteInfo = navigation_intro;
		};
/* End PBXContainerItemProxy section */

/* Begin PBXFileReference section */
		B7CAA1272B5F93BD002688EC /* navigation_intro.app */ = {isa = PBXFileReference; explicitFileType = wrapper.application; includeInIndex = 0; path = navigation_intro.app; sourceTree = BUILT_PRODUCTS_DIR; };
		B7CAA12A2B5F93BD002688EC /* AppDelegate.swift */ = {isa = PBXFileReference; lastKnownFileType = sourcecode.swift; path = AppDelegate.swift; sourceTree = "<group>"; };
		B7CAA12C2B5F93BD002688EC /* SceneDelegate.swift */ = {isa = PBXFileReference; lastKnownFileType = sourcecode.swift; path = SceneDelegate.swift; sourceTree = "<group>"; };
		B7CAA12E2B5F93BD002688EC /* ViewController.swift */ = {isa = PBXFileReference; lastKnownFileType = sourcecode.swift; path = ViewController.swift; sourceTree = "<group>"; };
		B7CAA1312B5F93BD002688EC /* Base */ = {isa = PBXFileReference; lastKnownFileType = file.storyboard; name = Base; path = Base.lproj/Main.storyboard; sourceTree = "<group>"; };
		B7CAA1332B5F93BE002688EC /* Assets.xcassets */ = {isa = PBXFileReference; lastKnownFileType = folder.assetcatalog; path = Assets.xcassets; sourceTree = "<group>"; };
		B7CAA1362B5F93BE002688EC /* Base */ = {isa = PBXFileReference; lastKnownFileType = file.storyboard; name = Base; path = Base.lproj/LaunchScreen.storyboard; sourceTree = "<group>"; };
		B7CAA1382B5F93BE002688EC /* Info.plist */ = {isa = PBXFileReference; lastKnownFileType = text.plist.xml; path = Info.plist; sourceTree = "<group>"; };
		B7CAA13D2B5F93BF002688EC /* navigation_introTests.xctest */ = {isa = PBXFileReference; explicitFileType = wrapper.cfbundle; includeInIndex = 0; path = navigation_introTests.xctest; sourceTree = BUILT_PRODUCTS_DIR; };
		B7CAA1412B5F93BF002688EC /* navigation_introTests.swift */ = {isa = PBXFileReference; lastKnownFileType = sourcecode.swift; path = navigation_introTests.swift; sourceTree = "<group>"; };
		B7CAA1472B5F93BF002688EC /* navigation_introUITests.xctest */ = {isa = PBXFileReference; explicitFileType = wrapper.cfbundle; includeInIndex = 0; path = navigation_introUITests.xctest; sourceTree = BUILT_PRODUCTS_DIR; };
		B7CAA14B2B5F93BF002688EC /* navigation_introUITests.swift */ = {isa = PBXFileReference; lastKnownFileType = sourcecode.swift; path = navigation_introUITests.swift; sourceTree = "<group>"; };
		B7CAA14D2B5F93BF002688EC /* navigation_introUITestsLaunchTests.swift */ = {isa = PBXFileReference; lastKnownFileType = sourcecode.swift; path = navigation_introUITestsLaunchTests.swift; sourceTree = "<group>"; };
/* End PBXFileReference section */

/* Begin PBXFrameworksBuildPhase section */
		B7CAA1242B5F93BD002688EC /* Frameworks */ = {
			isa = PBXFrameworksBuildPhase;
			buildActionMask = 2147483647;
			files = (
			);
			runOnlyForDeploymentPostprocessing = 0;
		};
		B7CAA13A2B5F93BF002688EC /* Frameworks */ = {
			isa = PBXFrameworksBuildPhase;
			buildActionMask = 2147483647;
			files = (
			);
			runOnlyForDeploymentPostprocessing = 0;
		};
		B7CAA1442B5F93BF002688EC /* Frameworks */ = {
			isa = PBXFrameworksBuildPhase;
			buildActionMask = 2147483647;
			files = (
			);
			runOnlyForDeploymentPostprocessing = 0;
		};
/* End PBXFrameworksBuildPhase section */

/* Begin PBXGroup section */
		B7CAA11E2B5F93BD002688EC = {
			isa = PBXGroup;
			children = (
				B7CAA1292B5F93BD002688EC /* navigation_intro */,
				B7CAA1402B5F93BF002688EC /* navigation_introTests */,
				B7CAA14A2B5F93BF002688EC /* navigation_introUITests */,
				B7CAA1282B5F93BD002688EC /* Products */,
			);
			sourceTree = "<group>";
		};
		B7CAA1282B5F93BD002688EC /* Products */ = {
			isa = PBXGroup;
			children = (
				B7CAA1272B5F93BD002688EC /* navigation_intro.app */,
				B7CAA13D2B5F93BF002688EC /* navigation_introTests.xctest */,
				B7CAA1472B5F93BF002688EC /* navigation_introUITests.xctest */,
			);
			name = Products;
			sourceTree = "<group>";
		};
		B7CAA1292B5F93BD002688EC /* navigation_intro */ = {
			isa = PBXGroup;
			children = (
				B7CAA12A2B5F93BD002688EC /* AppDelegate.swift */,
				B7CAA12C2B5F93BD002688EC /* SceneDelegate.swift */,
				B7CAA12E2B5F93BD002688EC /* ViewController.swift */,
				B7CAA1302B5F93BD002688EC /* Main.storyboard */,
				B7CAA1332B5F93BE002688EC /* Assets.xcassets */,
				B7CAA1352B5F93BE002688EC /* LaunchScreen.storyboard */,
				B7CAA1382B5F93BE002688EC /* Info.plist */,
			);
			path = navigation_intro;
			sourceTree = "<group>";
		};
		B7CAA1402B5F93BF002688EC /* navigation_introTests */ = {
			isa = PBXGroup;
			children = (
				B7CAA1412B5F93BF002688EC /* navigation_introTests.swift */,
			);
			path = navigation_introTests;
			sourceTree = "<group>";
		};
		B7CAA14A2B5F93BF002688EC /* navigation_introUITests */ = {
			isa = PBXGroup;
			children = (
				B7CAA14B2B5F93BF002688EC /* navigation_introUITests.swift */,
				B7CAA14D2B5F93BF002688EC /* navigation_introUITestsLaunchTests.swift */,
			);
			path = navigation_introUITests;
			sourceTree = "<group>";
		};
/* End PBXGroup section */

/* Begin PBXNativeTarget section */
		B7CAA1262B5F93BD002688EC /* navigation_intro */ = {
			isa = PBXNativeTarget;
			buildConfigurationList = B7CAA1512B5F93BF002688EC /* Build configuration list for PBXNativeTarget "navigation_intro" */;
			buildPhases = (
				B7CAA1232B5F93BD002688EC /* Sources */,
				B7CAA1242B5F93BD002688EC /* Frameworks */,
				B7CAA1252B5F93BD002688EC /* Resources */,
			);
			buildRules = (
			);
			dependencies = (
			);
			name = navigation_intro;
			productName = navigation_intro;
			productReference = B7CAA1272B5F93BD002688EC /* navigation_intro.app */;
			productType = "com.apple.product-type.application";
		};
		B7CAA13C2B5F93BF002688EC /* navigation_introTests */ = {
			isa = PBXNativeTarget;
			buildConfigurationList = B7CAA1542B5F93BF002688EC /* Build configuration list for PBXNativeTarget "navigation_introTests" */;
			buildPhases = (
				B7CAA1392B5F93BF002688EC /* Sources */,
				B7CAA13A2B5F93BF002688EC /* Frameworks */,
				B7CAA13B2B5F93BF002688EC /* Resources */,
			);
			buildRules = (
			);
			dependencies = (
				B7CAA13F2B5F93BF002688EC /* PBXTargetDependency */,
			);
			name = navigation_introTests;
			productName = navigation_introTests;
			productReference = B7CAA13D2B5F93BF002688EC /* navigation_introTests.xctest */;
			productType = "com.apple.product-type.bundle.unit-test";
		};
		B7CAA1462B5F93BF002688EC /* navigation_introUITests */ = {
			isa = PBXNativeTarget;
			buildConfigurationList = B7CAA1572B5F93BF002688EC /* Build configuration list for PBXNativeTarget "navigation_introUITests" */;
			buildPhases = (
				B7CAA1432B5F93BF002688EC /* Sources */,
				B7CAA1442B5F93BF002688EC /* Frameworks */,
				B7CAA1452B5F93BF002688EC /* Resources */,
			);
			buildRules = (
			);
			dependencies = (
				B7CAA1492B5F93BF002688EC /* PBXTargetDependency */,
			);
			name = navigation_introUITests;
			productName = navigation_introUITests;
			productReference = B7CAA1472B5F93BF002688EC /* navigation_introUITests.xctest */;
			productType = "com.apple.product-type.bundle.ui-testing";
		};
/* End PBXNativeTarget section */

/* Begin PBXProject section */
		B7CAA11F2B5F93BD002688EC /* Project object */ = {
			isa = PBXProject;
			attributes = {
				BuildIndependentTargetsInParallel = 1;
				LastSwiftUpdateCheck = 1520;
				LastUpgradeCheck = 1520;
				TargetAttributes = {
					B7CAA1262B5F93BD002688EC = {
						CreatedOnToolsVersion = 15.2;
					};
					B7CAA13C2B5F93BF002688EC = {
						CreatedOnToolsVersion = 15.2;
						TestTargetID = B7CAA1262B5F93BD002688EC;
					};
					B7CAA1462B5F93BF002688EC = {
						CreatedOnToolsVersion = 15.2;
						TestTargetID = B7CAA1262B5F93BD002688EC;
					};
				};
			};
			buildConfigurationList = B7CAA1222B5F93BD002688EC /* Build configuration list for PBXProject "navigation_intro" */;
			compatibilityVersion = "Xcode 14.0";
			developmentRegion = en;
			hasScannedForEncodings = 0;
			knownRegions = (
				en,
				Base,
			);
			mainGroup = B7CAA11E2B5F93BD002688EC;
			productRefGroup = B7CAA1282B5F93BD002688EC /* Products */;
			projectDirPath = "";
			projectRoot = "";
			targets = (
				B7CAA1262B5F93BD002688EC /* navigation_intro */,
				B7CAA13C2B5F93BF002688EC /* navigation_introTests */,
				B7CAA1462B5F93BF002688EC /* navigation_introUITests */,
			);
		};
/* End PBXProject section */

/* Begin PBXResourcesBuildPhase section */
		B7CAA1252B5F93BD002688EC /* Resources */ = {
			isa = PBXResourcesBuildPhase;
			buildActionMask = 2147483647;
			files = (
				B7CAA1372B5F93BE002688EC /* LaunchScreen.storyboard in Resources */,
				B7CAA1342B5F93BE002688EC /* Assets.xcassets in Resources */,
				B7CAA1322B5F93BD002688EC /* Main.storyboard in Resources */,
			);
			runOnlyForDeploymentPostprocessing = 0;
		};
		B7CAA13B2B5F93BF002688EC /* Resources */ = {
			isa = PBXResourcesBuildPhase;
			buildActionMask = 2147483647;
			files = (
			);
			runOnlyForDeploymentPostprocessing = 0;
		};
		B7CAA1452B5F93BF002688EC /* Resources */ = {
			isa = PBXResourcesBuildPhase;
			buildActionMask = 2147483647;
			files = (
			);
			runOnlyForDeploymentPostprocessing = 0;
		};
/* End PBXResourcesBuildPhase section */

/* Begin PBXSourcesBuildPhase section */
		B7CAA1232B5F93BD002688EC /* Sources */ = {
			isa = PBXSourcesBuildPhase;
			buildActionMask = 2147483647;
			files = (
				B7CAA12F2B5F93BD002688EC /* ViewController.swift in Sources */,
				B7CAA12B2B5F93BD002688EC /* AppDelegate.swift in Sources */,
				B7CAA12D2B5F93BD002688EC /* SceneDelegate.swift in Sources */,
			);
			runOnlyForDeploymentPostprocessing = 0;
		};
		B7CAA1392B5F93BF002688EC /* Sources */ = {
			isa = PBXSourcesBuildPhase;
			buildActionMask = 2147483647;
			files = (
				B7CAA1422B5F93BF002688EC /* navigation_introTests.swift in Sources */,
			);
			runOnlyForDeploymentPostprocessing = 0;
		};
		B7CAA1432B5F93BF002688EC /* Sources */ = {
			isa = PBXSourcesBuildPhase;
			buildActionMask = 2147483647;
			files = (
				B7CAA14C2B5F93BF002688EC /* navigation_introUITests.swift in Sources */,
				B7CAA14E2B5F93BF002688EC /* navigation_introUITestsLaunchTests.swift in Sources */,
			);
			runOnlyForDeploymentPostprocessing = 0;
		};
/* End PBXSourcesBuildPhase section */

/* Begin PBXTargetDependency section */
		B7CAA13F2B5F93BF002688EC /* PBXTargetDependency */ = {
			isa = PBXTargetDependency;
			target = B7CAA1262B5F93BD002688EC /* navigation_intro */;
			targetProxy = B7CAA13E2B5F93BF002688EC /* PBXContainerItemProxy */;
		};
		B7CAA1492B5F93BF002688EC /* PBXTargetDependency */ = {
			isa = PBXTargetDependency;
			target = B7CAA1262B5F93BD002688EC /* navigation_intro */;
			targetProxy = B7CAA1482B5F93BF002688EC /* PBXContainerItemProxy */;
		};
/* End PBXTargetDependency section */

/* Begin PBXVariantGroup section */
		B7CAA1302B5F93BD002688EC /* Main.storyboard */ = {
			isa = PBXVariantGroup;
			children = (
				B7CAA1312B5F93BD002688EC /* Base */,
			);
			name = Main.storyboard;
			sourceTree = "<group>";
		};
		B7CAA1352B5F93BE002688EC /* LaunchScreen.storyboard */ = {
			isa = PBXVariantGroup;
			children = (
				B7CAA1362B5F93BE002688EC /* Base */,
			);
			name = LaunchScreen.storyboard;
			sourceTree = "<group>";
		};
/* End PBXVariantGroup section */

/* Begin XCBuildConfiguration section */
		B7CAA14F2B5F93BF002688EC /* Debug */ = {
			isa = XCBuildConfiguration;
			buildSettings = {
				ALWAYS_SEARCH_USER_PATHS = NO;
				ASSETCATALOG_COMPILER_GENERATE_SWIFT_ASSET_SYMBOL_EXTENSIONS = YES;
				CLANG_ANALYZER_NONNULL = YES;
				CLANG_ANALYZER_NUMBER_OBJECT_CONVERSION = YES_AGGRESSIVE;
				CLANG_CXX_LANGUAGE_STANDARD = "gnu++20";
				CLANG_ENABLE_MODULES = YES;
				CLANG_ENABLE_OBJC_ARC = YES;
				CLANG_ENABLE_OBJC_WEAK = YES;
				CLANG_WARN_BLOCK_CAPTURE_AUTORELEASING = YES;
				CLANG_WARN_BOOL_CONVERSION = YES;
				CLANG_WARN_COMMA = YES;
				CLANG_WARN_CONSTANT_CONVERSION = YES;
				CLANG_WARN_DEPRECATED_OBJC_IMPLEMENTATIONS = YES;
				CLANG_WARN_DIRECT_OBJC_ISA_USAGE = YES_ERROR;
				CLANG_WARN_DOCUMENTATION_COMMENTS = YES;
				CLANG_WARN_EMPTY_BODY = YES;
				CLANG_WARN_ENUM_CONVERSION = YES;
				CLANG_WARN_INFINITE_RECURSION = YES;
				CLANG_WARN_INT_CONVERSION = YES;
				CLANG_WARN_NON_LITERAL_NULL_CONVERSION = YES;
				CLANG_WARN_OBJC_IMPLICIT_RETAIN_SELF = YES;
				CLANG_WARN_OBJC_LITERAL_CONVERSION = YES;
				CLANG_WARN_OBJC_ROOT_CLASS = YES_ERROR;
				CLANG_WARN_QUOTED_INCLUDE_IN_FRAMEWORK_HEADER = YES;
				CLANG_WARN_RANGE_LOOP_ANALYSIS = YES;
				CLANG_WARN_STRICT_PROTOTYPES = YES;
				CLANG_WARN_SUSPICIOUS_MOVE = YES;
				CLANG_WARN_UNGUARDED_AVAILABILITY = YES_AGGRESSIVE;
				CLANG_WARN_UNREACHABLE_CODE = YES;
				CLANG_WARN__DUPLICATE_METHOD_MATCH = YES;
				COPY_PHASE_STRIP = NO;
				DEBUG_INFORMATION_FORMAT = dwarf;
				ENABLE_STRICT_OBJC_MSGSEND = YES;
				ENABLE_TESTABILITY = YES;
				ENABLE_USER_SCRIPT_SANDBOXING = YES;
				GCC_C_LANGUAGE_STANDARD = gnu17;
				GCC_DYNAMIC_NO_PIC = NO;
				GCC_NO_COMMON_BLOCKS = YES;
				GCC_OPTIMIZATION_LEVEL = 0;
				GCC_PREPROCESSOR_DEFINITIONS = (
					"DEBUG=1",
					"$(inherited)",
				);
				GCC_WARN_64_TO_32_BIT_CONVERSION = YES;
				GCC_WARN_ABOUT_RETURN_TYPE = YES_ERROR;
				GCC_WARN_UNDECLARED_SELECTOR = YES;
				GCC_WARN_UNINITIALIZED_AUTOS = YES_AGGRESSIVE;
				GCC_WARN_UNUSED_FUNCTION = YES;
				GCC_WARN_UNUSED_VARIABLE = YES;
				IPHONEOS_DEPLOYMENT_TARGET = 17.2;
				LOCALIZATION_PREFERS_STRING_CATALOGS = YES;
				MTL_ENABLE_DEBUG_INFO = INCLUDE_SOURCE;
				MTL_FAST_MATH = YES;
				ONLY_ACTIVE_ARCH = YES;
				SDKROOT = iphoneos;
				SWIFT_ACTIVE_COMPILATION_CONDITIONS = "DEBUG $(inherited)";
				SWIFT_OPTIMIZATION_LEVEL = "-Onone";
			};
			name = Debug;
		};
		B7CAA1502B5F93BF002688EC /* Release */ = {
			isa = XCBuildConfiguration;
			buildSettings = {
				ALWAYS_SEARCH_USER_PATHS = NO;
				ASSETCATALOG_COMPILER_GENERATE_SWIFT_ASSET_SYMBOL_EXTENSIONS = YES;
				CLANG_ANALYZER_NONNULL = YES;
				CLANG_ANALYZER_NUMBER_OBJECT_CONVERSION = YES_AGGRESSIVE;
				CLANG_CXX_LANGUAGE_STANDARD = "gnu++20";
				CLANG_ENABLE_MODULES = YES;
				CLANG_ENABLE_OBJC_ARC = YES;
				CLANG_ENABLE_OBJC_WEAK = YES;
				CLANG_WARN_BLOCK_CAPTURE_AUTORELEASING = YES;
				CLANG_WARN_BOOL_CONVERSION = YES;
				CLANG_WARN_COMMA = YES;
				CLANG_WARN_CONSTANT_CONVERSION = YES;
				CLANG_WARN_DEPRECATED_OBJC_IMPLEMENTATIONS = YES;
				CLANG_WARN_DIRECT_OBJC_ISA_USAGE = YES_ERROR;
				CLANG_WARN_DOCUMENTATION_COMMENTS = YES;
				CLANG_WARN_EMPTY_BODY = YES;
				CLANG_WARN_ENUM_CONVERSION = YES;
				CLANG_WARN_INFINITE_RECURSION = YES;
				CLANG_WARN_INT_CONVERSION = YES;
				CLANG_WARN_NON_LITERAL_NULL_CONVERSION = YES;
				CLANG_WARN_OBJC_IMPLICIT_RETAIN_SELF = YES;
				CLANG_WARN_OBJC_LITERAL_CONVERSION = YES;
				CLANG_WARN_OBJC_ROOT_CLASS = YES_ERROR;
				CLANG_WARN_QUOTED_INCLUDE_IN_FRAMEWORK_HEADER = YES;
				CLANG_WARN_RANGE_LOOP_ANALYSIS = YES;
				CLANG_WARN_STRICT_PROTOTYPES = YES;
				CLANG_WARN_SUSPICIOUS_MOVE = YES;
				CLANG_WARN_UNGUARDED_AVAILABILITY = YES_AGGRESSIVE;
				CLANG_WARN_UNREACHABLE_CODE = YES;
				CLANG_WARN__DUPLICATE_METHOD_MATCH = YES;
				COPY_PHASE_STRIP = NO;
				DEBUG_INFORMATION_FORMAT = "dwarf-with-dsym";
				ENABLE_NS_ASSERTIONS = NO;
				ENABLE_STRICT_OBJC_MSGSEND = YES;
				ENABLE_USER_SCRIPT_SANDBOXING = YES;
				GCC_C_LANGUAGE_STANDARD = gnu17;
				GCC_NO_COMMON_BLOCKS = YES;
				GCC_WARN_64_TO_32_BIT_CONVERSION = YES;
				GCC_WARN_ABOUT_RETURN_TYPE = YES_ERROR;
				GCC_WARN_UNDECLARED_SELECTOR = YES;
				GCC_WARN_UNINITIALIZED_AUTOS = YES_AGGRESSIVE;
				GCC_WARN_UNUSED_FUNCTION = YES;
				GCC_WARN_UNUSED_VARIABLE = YES;
				IPHONEOS_DEPLOYMENT_TARGET = 17.2;
				LOCALIZATION_PREFERS_STRING_CATALOGS = YES;
				MTL_ENABLE_DEBUG_INFO = NO;
				MTL_FAST_MATH = YES;
				SDKROOT = iphoneos;
				SWIFT_COMPILATION_MODE = wholemodule;
				VALIDATE_PRODUCT = YES;
			};
			name = Release;
		};
		B7CAA1522B5F93BF002688EC /* Debug */ = {
			isa = XCBuildConfiguration;
			buildSettings = {
				ASSETCATALOG_COMPILER_APPICON_NAME = AppIcon;
				ASSETCATALOG_COMPILER_GLOBAL_ACCENT_COLOR_NAME = AccentColor;
				CODE_SIGN_STYLE = Automatic;
				CURRENT_PROJECT_VERSION = 1;
				DEVELOPMENT_TEAM = QT399WK33Z;
				GENERATE_INFOPLIST_FILE = YES;
				INFOPLIST_FILE = navigation_intro/Info.plist;
				INFOPLIST_KEY_UIApplicationSupportsIndirectInputEvents = YES;
				INFOPLIST_KEY_UILaunchStoryboardName = LaunchScreen;
				INFOPLIST_KEY_UIMainStoryboardFile = Main;
				INFOPLIST_KEY_UISupportedInterfaceOrientations_iPad = "UIInterfaceOrientationPortrait UIInterfaceOrientationPortraitUpsideDown UIInterfaceOrientationLandscapeLeft UIInterfaceOrientationLandscapeRight";
				INFOPLIST_KEY_UISupportedInterfaceOrientations_iPhone = "UIInterfaceOrientationPortrait UIInterfaceOrientationLandscapeLeft UIInterfaceOrientationLandscapeRight";
				LD_RUNPATH_SEARCH_PATHS = (
					"$(inherited)",
					"@executable_path/Frameworks",
				);
				MARKETING_VERSION = 1.0;
				PRODUCT_BUNDLE_IDENTIFIER = "example.uikit.navigation-intro";
				PRODUCT_NAME = "$(TARGET_NAME)";
				SWIFT_EMIT_LOC_STRINGS = YES;
				SWIFT_VERSION = 5.0;
				TARGETED_DEVICE_FAMILY = "1,2";
			};
			name = Debug;
		};
		B7CAA1532B5F93BF002688EC /* Release */ = {
			isa = XCBuildConfiguration;
			buildSettings = {
				ASSETCATALOG_COMPILER_APPICON_NAME = AppIcon;
				ASSETCATALOG_COMPILER_GLOBAL_ACCENT_COLOR_NAME = AccentColor;
				CODE_SIGN_STYLE = Automatic;
				CURRENT_PROJECT_VERSION = 1;
				DEVELOPMENT_TEAM = QT399WK33Z;
				GENERATE_INFOPLIST_FILE = YES;
				INFOPLIST_FILE = navigation_intro/Info.plist;
				INFOPLIST_KEY_UIApplicationSupportsIndirectInputEvents = YES;
				INFOPLIST_KEY_UILaunchStoryboardName = LaunchScreen;
				INFOPLIST_KEY_UIMainStoryboardFile = Main;
				INFOPLIST_KEY_UISupportedInterfaceOrientations_iPad = "UIInterfaceOrientationPortrait UIInterfaceOrientationPortraitUpsideDown UIInterfaceOrientationLandscapeLeft UIInterfaceOrientationLandscapeRight";
				INFOPLIST_KEY_UISupportedInterfaceOrientations_iPhone = "UIInterfaceOrientationPortrait UIInterfaceOrientationLandscapeLeft UIInterfaceOrientationLandscapeRight";
				LD_RUNPATH_SEARCH_PATHS = (
					"$(inherited)",
					"@executable_path/Frameworks",
				);
				MARKETING_VERSION = 1.0;
				PRODUCT_BUNDLE_IDENTIFIER = "example.uikit.navigation-intro";
				PRODUCT_NAME = "$(TARGET_NAME)";
				SWIFT_EMIT_LOC_STRINGS = YES;
				SWIFT_VERSION = 5.0;
				TARGETED_DEVICE_FAMILY = "1,2";
			};
			name = Release;
		};
		B7CAA1552B5F93BF002688EC /* Debug */ = {
			isa = XCBuildConfiguration;
			buildSettings = {
				ALWAYS_EMBED_SWIFT_STANDARD_LIBRARIES = YES;
				BUNDLE_LOADER = "$(TEST_HOST)";
				CODE_SIGN_STYLE = Automatic;
				CURRENT_PROJECT_VERSION = 1;
				DEVELOPMENT_TEAM = QT399WK33Z;
				GENERATE_INFOPLIST_FILE = YES;
				IPHONEOS_DEPLOYMENT_TARGET = 17.2;
				MARKETING_VERSION = 1.0;
				PRODUCT_BUNDLE_IDENTIFIER = "example.uikit.navigation-introTests";
				PRODUCT_NAME = "$(TARGET_NAME)";
				SWIFT_EMIT_LOC_STRINGS = NO;
				SWIFT_VERSION = 5.0;
				TARGETED_DEVICE_FAMILY = "1,2";
				TEST_HOST = "$(BUILT_PRODUCTS_DIR)/navigation_intro.app/$(BUNDLE_EXECUTABLE_FOLDER_PATH)/navigation_intro";
			};
			name = Debug;
		};
		B7CAA1562B5F93BF002688EC /* Release */ = {
			isa = XCBuildConfiguration;
			buildSettings = {
				ALWAYS_EMBED_SWIFT_STANDARD_LIBRARIES = YES;
				BUNDLE_LOADER = "$(TEST_HOST)";
				CODE_SIGN_STYLE = Automatic;
				CURRENT_PROJECT_VERSION = 1;
				DEVELOPMENT_TEAM = QT399WK33Z;
				GENERATE_INFOPLIST_FILE = YES;
				IPHONEOS_DEPLOYMENT_TARGET = 17.2;
				MARKETING_VERSION = 1.0;
				PRODUCT_BUNDLE_IDENTIFIER = "example.uikit.navigation-introTests";
				PRODUCT_NAME = "$(TARGET_NAME)";
				SWIFT_EMIT_LOC_STRINGS = NO;
				SWIFT_VERSION = 5.0;
				TARGETED_DEVICE_FAMILY = "1,2";
				TEST_HOST = "$(BUILT_PRODUCTS_DIR)/navigation_intro.app/$(BUNDLE_EXECUTABLE_FOLDER_PATH)/navigation_intro";
			};
			name = Release;
		};
		B7CAA1582B5F93BF002688EC /* Debug */ = {
			isa = XCBuildConfiguration;
			buildSettings = {
				ALWAYS_EMBED_SWIFT_STANDARD_LIBRARIES = YES;
				CODE_SIGN_STYLE = Automatic;
				CURRENT_PROJECT_VERSION = 1;
				DEVELOPMENT_TEAM = QT399WK33Z;
				GENERATE_INFOPLIST_FILE = YES;
				MARKETING_VERSION = 1.0;
				PRODUCT_BUNDLE_IDENTIFIER = "example.uikit.navigation-introUITests";
				PRODUCT_NAME = "$(TARGET_NAME)";
				SWIFT_EMIT_LOC_STRINGS = NO;
				SWIFT_VERSION = 5.0;
				TARGETED_DEVICE_FAMILY = "1,2";
				TEST_TARGET_NAME = navigation_intro;
			};
			name = Debug;
		};
		B7CAA1592B5F93BF002688EC /* Release */ = {
			isa = XCBuildConfiguration;
			buildSettings = {
				ALWAYS_EMBED_SWIFT_STANDARD_LIBRARIES = YES;
				CODE_SIGN_STYLE = Automatic;
				CURRENT_PROJECT_VERSION = 1;
				DEVELOPMENT_TEAM = QT399WK33Z;
				GENERATE_INFOPLIST_FILE = YES;
				MARKETING_VERSION = 1.0;
				PRODUCT_BUNDLE_IDENTIFIER = "example.uikit.navigation-introUITests";
				PRODUCT_NAME = "$(TARGET_NAME)";
				SWIFT_EMIT_LOC_STRINGS = NO;
				SWIFT_VERSION = 5.0;
				TARGETED_DEVICE_FAMILY = "1,2";
				TEST_TARGET_NAME = navigation_intro;
			};
			name = Release;
		};
/* End XCBuildConfiguration section */

/* Begin XCConfigurationList section */
		B7CAA1222B5F93BD002688EC /* Build configuration list for PBXProject "navigation_intro" */ = {
			isa = XCConfigurationList;
			buildConfigurations = (
				B7CAA14F2B5F93BF002688EC /* Debug */,
				B7CAA1502B5F93BF002688EC /* Release */,
			);
			defaultConfigurationIsVisible = 0;
			defaultConfigurationName = Release;
		};
		B7CAA1512B5F93BF002688EC /* Build configuration list for PBXNativeTarget "navigation_intro" */ = {
			isa = XCConfigurationList;
			buildConfigurations = (
				B7CAA1522B5F93BF002688EC /* Debug */,
				B7CAA1532B5F93BF002688EC /* Release */,
			);
			defaultConfigurationIsVisible = 0;
			defaultConfigurationName = Release;
		};
		B7CAA1542B5F93BF002688EC /* Build configuration list for PBXNativeTarget "navigation_introTests" */ = {
			isa = XCConfigurationList;
			buildConfigurations = (
				B7CAA1552B5F93BF002688EC /* Debug */,
				B7CAA1562B5F93BF002688EC /* Release */,
			);
			defaultConfigurationIsVisible = 0;
			defaultConfigurationName = Release;
		};
		B7CAA1572B5F93BF002688EC /* Build configuration list for PBXNativeTarget "navigation_introUITests" */ = {
			isa = XCConfigurationList;
			buildConfigurations = (
				B7CAA1582B5F93BF002688EC /* Debug */,
				B7CAA1592B5F93BF002688EC /* Release */,
			);
			defaultConfigurationIsVisible = 0;
			defaultConfigurationName = Release;
		};
/* End XCConfigurationList section */
	};
	rootObject = B7CAA11F2B5F93BD002688EC /* Project object */;
}
